Microsoft Visual Studio Solution File, Format Version 12.00
# Visual Studio Version 17
VisualStudioVersion = 17.0.31903.59
MinimumVisualStudioVersion = 10.0.40219.1
Project("{BC8A1FFA-BEE3-4634-8014-F334798102B3}") = "CCL_RLE_TEST", "CCL_RLE_TEST.vcxproj", "{8F32BD71-85AE-4C13-9639-2A263849FB5C}"
EndProject
Global
	GlobalSection(SolutionConfigurationPlatforms) = preSolution
		Debug|x64 = Debug|x64
		Release|x64 = Release|x64
	EndGlobalSection
	GlobalSection(ProjectConfigurationPlatforms) = postSolution
		{8F32BD71-85AE-4C13-9639-2A263849FB5C}.Debug|x64.ActiveCfg = Debug|x64
		{8F32BD71-85AE-4C13-9639-2A263849FB5C}.Debug|x64.Build.0 = Debug|x64
		{8F32BD71-85AE-4C13-9639-2A263849FB5C}.Release|x64.ActiveCfg = Release|x64
		{8F32BD71-85AE-4C13-9639-2A263849FB5C}.Release|x64.Build.0 = Release|x64
	EndGlobalSection
	GlobalSection(SolutionProperties) = preSolution
		HideSolutionNode = FALSE
	EndGlobalSection
EndGlobal

